
Microsoft Visual Studio Solution File, Format Version 12.00
# Visual Studio 15
VisualStudioVersion = 15.0.28306.52
MinimumVisualStudioVersion = 10.0.40219.1
Project("{FAE04EC0-301F-11D3-BF4B-00C04F79EFBC}") = "Police Database System", "Police Database System\Police Database System.csproj", "{1D891395-770C-4271-99FF-1F579E294C9A}"
EndProject
Global
	GlobalSection(SolutionConfigurationPlatforms) = preSolution
		Debug|Any CPU = Debug|Any CPU
		Release|Any CPU = Release|Any CPU
	EndGlobalSection
	GlobalSection(ProjectConfigurationPlatforms) = postSolution
		{1D891395-770C-4271-99FF-1F579E294C9A}.Debug|Any CPU.ActiveCfg = Debug|Any CPU
		{1D891395-770C-4271-99FF-1F579E294C9A}.Debug|Any CPU.Build.0 = Debug|Any CPU
		{1D891395-770C-4271-99FF-1F579E294C9A}.Release|Any CPU.ActiveCfg = Release|Any CPU
		{1D891395-770C-4271-99FF-1F579E294C9A}.Release|Any CPU.Build.0 = Release|Any CPU
	EndGlobalSection
	GlobalSection(SolutionProperties) = preSolution
		HideSolutionNode = FALSE
	EndGlobalSection
	GlobalSection(ExtensibilityGlobals) = postSolution
		SolutionGuid = {4330FE00-640D-43B2-83F4-3670D74E5E2A}
	EndGlobalSection
EndGlobal
